
Microsoft Visual Studio Solution File, Format Version 12.00
# Visual Studio Version 17
VisualStudioVersion = 17.4.33205.214
MinimumVisualStudioVersion = 10.0.40219.1
Project("{9A19103F-16F7-4668-BE54-9A1E7A4F7556}") = "ShopOnline.Web", "ShopOnline.Web\ShopOnline.Web.csproj", "{99156A08-8989-4F44-950C-A731C0FB59A4}"
EndProject
Project("{9A19103F-16F7-4668-BE54-9A1E7A4F7556}") = "ShopOnline.Api", "ShopOnline.Api\ShopOnline.Api.csproj", "{F3185FEE-74A8-47A9-B448-FB768AA2BEA3}"
EndProject
Project("{9A19103F-16F7-4668-BE54-9A1E7A4F7556}") = "ShopOnline.Models", "ShopOnline.Models\ShopOnline.Models.csproj", "{9B55B1F2-641F-4C41-BCAA-5E0115214229}"
EndProject
Global
	GlobalSection(SolutionConfigurationPlatforms) = preSolution
		Debug|Any CPU = Debug|Any CPU
		Release|Any CPU = Release|Any CPU
	EndGlobalSection
	GlobalSection(ProjectConfigurationPlatforms) = postSolution
		{99156A08-8989-4F44-950C-A731C0FB59A4}.Debug|Any CPU.ActiveCfg = Debug|Any CPU
		{99156A08-8989-4F44-950C-A731C0FB59A4}.Debug|Any CPU.Build.0 = Debug|Any CPU
		{99156A08-8989-4F44-950C-A731C0FB59A4}.Release|Any CPU.ActiveCfg = Release|Any CPU
		{99156A08-8989-4F44-950C-A731C0FB59A4}.Release|Any CPU.Build.0 = Release|Any CPU
		{F3185FEE-74A8-47A9-B448-FB768AA2BEA3}.Debug|Any CPU.ActiveCfg = Debug|Any CPU
		{F3185FEE-74A8-47A9-B448-FB768AA2BEA3}.Debug|Any CPU.Build.0 = Debug|Any CPU
		{F3185FEE-74A8-47A9-B448-FB768AA2BEA3}.Release|Any CPU.ActiveCfg = Release|Any CPU
		{F3185FEE-74A8-47A9-B448-FB768AA2BEA3}.Release|Any CPU.Build.0 = Release|Any CPU
		{9B55B1F2-641F-4C41-BCAA-5E0115214229}.Debug|Any CPU.ActiveCfg = Debug|Any CPU
		{9B55B1F2-641F-4C41-BCAA-5E0115214229}.Debug|Any CPU.Build.0 = Debug|Any CPU
		{9B55B1F2-641F-4C41-BCAA-5E0115214229}.Release|Any CPU.ActiveCfg = Release|Any CPU
		{9B55B1F2-641F-4C41-BCAA-5E0115214229}.Release|Any CPU.Build.0 = Release|Any CPU
	EndGlobalSection
	GlobalSection(SolutionProperties) = preSolution
		HideSolutionNode = FALSE
	EndGlobalSection
	GlobalSection(ExtensibilityGlobals) = postSolution
		SolutionGuid = {A36E1EA7-EAED-40C9-A470-2C341DB06803}
	EndGlobalSection
EndGlobal
